
Microsoft Visual Studio Solution File, Format Version 12.00
# Visual Studio Version 16
VisualStudioVersion = 16.0.31829.152
MinimumVisualStudioVersion = 10.0.40219.1
Project("{FAE04EC0-301F-11D3-BF4B-00C04F79EFBC}") = "Homework 6.6", "Homework 6.6.csproj", "{CF664A81-E7C7-4437-8F42-080C23DD70E4}"
EndProject
Global
	GlobalSection(SolutionConfigurationPlatforms) = preSolution
		Debug|Any CPU = Debug|Any CPU
		Release|Any CPU = Release|Any CPU
	EndGlobalSection
	GlobalSection(ProjectConfigurationPlatforms) = postSolution
		{CF664A81-E7C7-4437-8F42-080C23DD70E4}.Debug|Any CPU.ActiveCfg = Debug|Any CPU
		{CF664A81-E7C7-4437-8F42-080C23DD70E4}.Debug|Any CPU.Build.0 = Debug|Any CPU
		{CF664A81-E7C7-4437-8F42-080C23DD70E4}.Release|Any CPU.ActiveCfg = Release|Any CPU
		{CF664A81-E7C7-4437-8F42-080C23DD70E4}.Release|Any CPU.Build.0 = Release|Any CPU
	EndGlobalSection
	GlobalSection(SolutionProperties) = preSolution
		HideSolutionNode = FALSE
	EndGlobalSection
	GlobalSection(ExtensibilityGlobals) = postSolution
		SolutionGuid = {5FA11DF3-ECB1-4589-96D0-3B25405FF179}
	EndGlobalSection
EndGlobal
